// !$*UTF8*$!
{
	archiveVersion = 1;
	classes = {
	};
	objectVersion = 46;
	objects = {

/* Begin PBXBuildFile section */
		1518B9741E85B3A70046868C /* PantrySearchViewController.swift in Sources */ = {isa = PBXBuildFile; fileRef = 1518B9731E85B3A70046868C /* PantrySearchViewController.swift */; };
		1518B9761E85B4100046868C /* RecipeResultTableViewCell.swift in Sources */ = {isa = PBXBuildFile; fileRef = 1518B9751E85B4100046868C /* RecipeResultTableViewCell.swift */; };
		1518B9781E85B4D30046868C /* TableViewController.swift in Sources */ = {isa = PBXBuildFile; fileRef = 1518B9771E85B4D30046868C /* TableViewController.swift */; };
		152A246C1E7F2B1F00C42EAA /* Home.storyboard in Resources */ = {isa = PBXBuildFile; fileRef = 152A246B1E7F2B1F00C42EAA /* Home.storyboard */; };
		152A246E1E7F2BD300C42EAA /* HomeViewController.swift in Sources */ = {isa = PBXBuildFile; fileRef = 152A246D1E7F2BD300C42EAA /* HomeViewController.swift */; };
		2B1AD5C21E84A4FB00FBEA48 /* Ingredient+CoreDataClass.swift in Sources */ = {isa = PBXBuildFile; fileRef = 2B1AD5C01E84A4FB00FBEA48 /* Ingredient+CoreDataClass.swift */; };
		2B1AD5C31E84A4FB00FBEA48 /* Ingredient+CoreDataProperties.swift in Sources */ = {isa = PBXBuildFile; fileRef = 2B1AD5C11E84A4FB00FBEA48 /* Ingredient+CoreDataProperties.swift */; };
		2B1AD5CA1E85AEF700FBEA48 /* RecipeViewController.swift in Sources */ = {isa = PBXBuildFile; fileRef = 2B1AD5C91E85AEF700FBEA48 /* RecipeViewController.swift */; };
		2B1AD5CE1E85B9C100FBEA48 /* RecipeTableViewCell.swift in Sources */ = {isa = PBXBuildFile; fileRef = 2B1AD5CD1E85B9C100FBEA48 /* RecipeTableViewCell.swift */; };
		2BC8DC521E78758C00A7A3AD /* AppDelegate.swift in Sources */ = {isa = PBXBuildFile; fileRef = 2BC8DC511E78758C00A7A3AD /* AppDelegate.swift */; };
		2BC8DC541E78758C00A7A3AD /* ViewController.swift in Sources */ = {isa = PBXBuildFile; fileRef = 2BC8DC531E78758C00A7A3AD /* ViewController.swift */; };
		2BC8DC571E78758C00A7A3AD /* Main.storyboard in Resources */ = {isa = PBXBuildFile; fileRef = 2BC8DC551E78758C00A7A3AD /* Main.storyboard */; };
		2BC8DC5A1E78758C00A7A3AD /* PantryFi.xcdatamodeld in Sources */ = {isa = PBXBuildFile; fileRef = 2BC8DC581E78758C00A7A3AD /* PantryFi.xcdatamodeld */; };
		2BC8DC5C1E78758C00A7A3AD /* Assets.xcassets in Resources */ = {isa = PBXBuildFile; fileRef = 2BC8DC5B1E78758C00A7A3AD /* Assets.xcassets */; };
		2BC8DC5F1E78758C00A7A3AD /* LaunchScreen.storyboard in Resources */ = {isa = PBXBuildFile; fileRef = 2BC8DC5D1E78758C00A7A3AD /* LaunchScreen.storyboard */; };
		2BC8DC671E7890F700A7A3AD /* SignUpViewController.swift in Sources */ = {isa = PBXBuildFile; fileRef = 2BC8DC661E7890F700A7A3AD /* SignUpViewController.swift */; };
		75BE49D91EA19EC900BC9F4B /* SSASideMenu.swift in Sources */ = {isa = PBXBuildFile; fileRef = 75BE49D81EA19EC900BC9F4B /* SSASideMenu.swift */; };
		75BE49DB1EA19F8E00BC9F4B /* RightMenuViewController.swift in Sources */ = {isa = PBXBuildFile; fileRef = 75BE49DA1EA19F8E00BC9F4B /* RightMenuViewController.swift */; };
		75E65CDE1E9F684E003B9D87 /* GoogleService-Info.plist in Resources */ = {isa = PBXBuildFile; fileRef = 75E65CDD1E9F684E003B9D87 /* GoogleService-Info.plist */; };
		75F0C9C51E830B29002E1458 /* AddIngredientTableViewCell.swift in Sources */ = {isa = PBXBuildFile; fileRef = 75F0C9C41E830B29002E1458 /* AddIngredientTableViewCell.swift */; };
		75F0C9C71E830B35002E1458 /* IngredientTableViewCell.swift in Sources */ = {isa = PBXBuildFile; fileRef = 75F0C9C61E830B35002E1458 /* IngredientTableViewCell.swift */; };
		897877FC5F471D5F56276BD9 /* Pods_PantryFi.framework in Frameworks */ = {isa = PBXBuildFile; fileRef = C6D4CBD7C083366B912A0D05 /* Pods_PantryFi.framework */; };
/* End PBXBuildFile section */

/* Begin PBXFileReference section */
		0C903BC548FA9DB323A4DCAC /* Pods-PantryFi.debug.xcconfig */ = {isa = PBXFileReference; includeInIndex = 1; lastKnownFileType = text.xcconfig; name = "Pods-PantryFi.debug.xcconfig"; path = "Pods/Target Support Files/Pods-PantryFi/Pods-PantryFi.debug.xcconfig"; sourceTree = "<group>"; };
		1518B9731E85B3A70046868C /* PantrySearchViewController.swift */ = {isa = PBXFileReference; fileEncoding = 4; lastKnownFileType = sourcecode.swift; path = PantrySearchViewController.swift; sourceTree = "<group>"; };
		1518B9751E85B4100046868C /* RecipeResultTableViewCell.swift */ = {isa = PBXFileReference; fileEncoding = 4; lastKnownFileType = sourcecode.swift; path = RecipeResultTableViewCell.swift; sourceTree = "<group>"; };
		1518B9771E85B4D30046868C /* TableViewController.swift */ = {isa = PBXFileReference; fileEncoding = 4; lastKnownFileType = sourcecode.swift; path = TableViewController.swift; sourceTree = "<group>"; };
		152A246B1E7F2B1F00C42EAA /* Home.storyboard */ = {isa = PBXFileReference; fileEncoding = 4; lastKnownFileType = file.storyboard; path = Home.storyboard; sourceTree = "<group>"; };
		152A246D1E7F2BD300C42EAA /* HomeViewController.swift */ = {isa = PBXFileReference; fileEncoding = 4; lastKnownFileType = sourcecode.swift; path = HomeViewController.swift; sourceTree = "<group>"; };
		2B1AD5C01E84A4FB00FBEA48 /* Ingredient+CoreDataClass.swift */ = {isa = PBXFileReference; fileEncoding = 4; lastKnownFileType = sourcecode.swift; name = "Ingredient+CoreDataClass.swift"; path = "../Ingredient+CoreDataClass.swift"; sourceTree = "<group>"; };
		2B1AD5C11E84A4FB00FBEA48 /* Ingredient+CoreDataProperties.swift */ = {isa = PBXFileReference; fileEncoding = 4; lastKnownFileType = sourcecode.swift; name = "Ingredient+CoreDataProperties.swift"; path = "../Ingredient+CoreDataProperties.swift"; sourceTree = "<group>"; };
		2B1AD5C91E85AEF700FBEA48 /* RecipeViewController.swift */ = {isa = PBXFileReference; fileEncoding = 4; lastKnownFileType = sourcecode.swift; path = RecipeViewController.swift; sourceTree = "<group>"; };
		2B1AD5CD1E85B9C100FBEA48 /* RecipeTableViewCell.swift */ = {isa = PBXFileReference; fileEncoding = 4; lastKnownFileType = sourcecode.swift; path = RecipeTableViewCell.swift; sourceTree = "<group>"; };
		2BC8DC4E1E78758C00A7A3AD /* PantryFi.app */ = {isa = PBXFileReference; explicitFileType = wrapper.application; includeInIndex = 0; path = PantryFi.app; sourceTree = BUILT_PRODUCTS_DIR; };
		2BC8DC511E78758C00A7A3AD /* AppDelegate.swift */ = {isa = PBXFileReference; lastKnownFileType = sourcecode.swift; path = AppDelegate.swift; sourceTree = "<group>"; };
		2BC8DC531E78758C00A7A3AD /* ViewController.swift */ = {isa = PBXFileReference; lastKnownFileType = sourcecode.swift; path = ViewController.swift; sourceTree = "<group>"; };
		2BC8DC561E78758C00A7A3AD /* Base */ = {isa = PBXFileReference; lastKnownFileType = file.storyboard; name = Base; path = Base.lproj/Main.storyboard; sourceTree = "<group>"; };
		2BC8DC591E78758C00A7A3AD /* PantryFi.xcdatamodel */ = {isa = PBXFileReference; lastKnownFileType = wrapper.xcdatamodel; path = PantryFi.xcdatamodel; sourceTree = "<group>"; };
		2BC8DC5B1E78758C00A7A3AD /* Assets.xcassets */ = {isa = PBXFileReference; lastKnownFileType = folder.assetcatalog; path = Assets.xcassets; sourceTree = "<group>"; };
		2BC8DC5E1E78758C00A7A3AD /* Base */ = {isa = PBXFileReference; lastKnownFileType = file.storyboard; name = Base; path = Base.lproj/LaunchScreen.storyboard; sourceTree = "<group>"; };
		2BC8DC601E78758C00A7A3AD /* Info.plist */ = {isa = PBXFileReference; lastKnownFileType = text.plist.xml; path = Info.plist; sourceTree = "<group>"; };
		2BC8DC661E7890F700A7A3AD /* SignUpViewController.swift */ = {isa = PBXFileReference; fileEncoding = 4; lastKnownFileType = sourcecode.swift; path = SignUpViewController.swift; sourceTree = "<group>"; };
		75BE49D81EA19EC900BC9F4B /* SSASideMenu.swift */ = {isa = PBXFileReference; fileEncoding = 4; lastKnownFileType = sourcecode.swift; path = SSASideMenu.swift; sourceTree = "<group>"; };
		75BE49DA1EA19F8E00BC9F4B /* RightMenuViewController.swift */ = {isa = PBXFileReference; fileEncoding = 4; lastKnownFileType = sourcecode.swift; name = RightMenuViewController.swift; path = ../RightMenuViewController.swift; sourceTree = "<group>"; };
		75E65CDD1E9F684E003B9D87 /* GoogleService-Info.plist */ = {isa = PBXFileReference; fileEncoding = 4; lastKnownFileType = text.plist.xml; path = "GoogleService-Info.plist"; sourceTree = "<group>"; };
		75F0C9C41E830B29002E1458 /* AddIngredientTableViewCell.swift */ = {isa = PBXFileReference; fileEncoding = 4; lastKnownFileType = sourcecode.swift; path = AddIngredientTableViewCell.swift; sourceTree = "<group>"; };
		75F0C9C61E830B35002E1458 /* IngredientTableViewCell.swift */ = {isa = PBXFileReference; fileEncoding = 4; lastKnownFileType = sourcecode.swift; path = IngredientTableViewCell.swift; sourceTree = "<group>"; };
		C6D4CBD7C083366B912A0D05 /* Pods_PantryFi.framework */ = {isa = PBXFileReference; explicitFileType = wrapper.framework; includeInIndex = 0; path = Pods_PantryFi.framework; sourceTree = BUILT_PRODUCTS_DIR; };
		E71E59CE2604B568A6F78096 /* Pods-PantryFi.release.xcconfig */ = {isa = PBXFileReference; includeInIndex = 1; lastKnownFileType = text.xcconfig; name = "Pods-PantryFi.release.xcconfig"; path = "Pods/Target Support Files/Pods-PantryFi/Pods-PantryFi.release.xcconfig"; sourceTree = "<group>"; };
/* End PBXFileReference section */

/* Begin PBXFrameworksBuildPhase section */
		2BC8DC4B1E78758C00A7A3AD /* Frameworks */ = {
			isa = PBXFrameworksBuildPhase;
			buildActionMask = 2147483647;
			files = (
				897877FC5F471D5F56276BD9 /* Pods_PantryFi.framework in Frameworks */,
			);
			runOnlyForDeploymentPostprocessing = 0;
		};
/* End PBXFrameworksBuildPhase section */

/* Begin PBXGroup section */
		1518B9661E85A6320046868C /* Search */ = {
			isa = PBXGroup;
			children = (
				1518B9751E85B4100046868C /* RecipeResultTableViewCell.swift */,
				1518B9771E85B4D30046868C /* TableViewController.swift */,
				1518B9731E85B3A70046868C /* PantrySearchViewController.swift */,
			);
			name = Search;
			sourceTree = "<group>";
		};
		152A24671E7F29DB00C42EAA /* Features */ = {
			isa = PBXGroup;
			children = (
				1518B9661E85A6320046868C /* Search */,
				2B1AD5C41E84BEF200FBEA48 /* Recipe Screen */,
				152A24681E7F29F300C42EAA /* Login */,
				152A246A1E7F2AF700C42EAA /* Home Screen */,
			);
			name = Features;
			sourceTree = "<group>";
		};
		152A24681E7F29F300C42EAA /* Login */ = {
			isa = PBXGroup;
			children = (
				2BC8DC531E78758C00A7A3AD /* ViewController.swift */,
				2BC8DC661E7890F700A7A3AD /* SignUpViewController.swift */,
				2BC8DC551E78758C00A7A3AD /* Main.storyboard */,
			);
			name = Login;
			sourceTree = "<group>";
		};
		152A246A1E7F2AF700C42EAA /* Home Screen */ = {
			isa = PBXGroup;
			children = (
				152A246B1E7F2B1F00C42EAA /* Home.storyboard */,
				75BE49DA1EA19F8E00BC9F4B /* RightMenuViewController.swift */,
				75F0C9C41E830B29002E1458 /* AddIngredientTableViewCell.swift */,
				75F0C9C61E830B35002E1458 /* IngredientTableViewCell.swift */,
				152A246D1E7F2BD300C42EAA /* HomeViewController.swift */,
				2B1AD5C11E84A4FB00FBEA48 /* Ingredient+CoreDataProperties.swift */,
				2B1AD5C01E84A4FB00FBEA48 /* Ingredient+CoreDataClass.swift */,
			);
			name = "Home Screen";
			sourceTree = "<group>";
		};
		2B1AD5C41E84BEF200FBEA48 /* Recipe Screen */ = {
			isa = PBXGroup;
			children = (
				2B1AD5CD1E85B9C100FBEA48 /* RecipeTableViewCell.swift */,
				2B1AD5C91E85AEF700FBEA48 /* RecipeViewController.swift */,
			);
			name = "Recipe Screen";
			path = ..;
			sourceTree = "<group>";
		};
		2BC8DC451E78758C00A7A3AD = {
			isa = PBXGroup;
			children = (
				2BC8DC501E78758C00A7A3AD /* PantryFi */,
				2BC8DC4F1E78758C00A7A3AD /* Products */,
				60E9416D8DF5AACA2BEEA205 /* Pods */,
				6581A65EF92501419EF4399E /* Frameworks */,
			);
			sourceTree = "<group>";
		};
		2BC8DC4F1E78758C00A7A3AD /* Products */ = {
			isa = PBXGroup;
			children = (
				2BC8DC4E1E78758C00A7A3AD /* PantryFi.app */,
			);
			name = Products;
			sourceTree = "<group>";
		};
		2BC8DC501E78758C00A7A3AD /* PantryFi */ = {
			isa = PBXGroup;
			children = (
				2BC8DC511E78758C00A7A3AD /* AppDelegate.swift */,
				2BC8DC5D1E78758C00A7A3AD /* LaunchScreen.storyboard */,
				152A24671E7F29DB00C42EAA /* Features */,
				2BC8DC5B1E78758C00A7A3AD /* Assets.xcassets */,
				2BC8DC601E78758C00A7A3AD /* Info.plist */,
				2BC8DC581E78758C00A7A3AD /* PantryFi.xcdatamodeld */,
				75E65CDD1E9F684E003B9D87 /* GoogleService-Info.plist */,
			);
			path = PantryFi;
			sourceTree = "<group>";
		};
		60E9416D8DF5AACA2BEEA205 /* Pods */ = {
			isa = PBXGroup;
			children = (
				0C903BC548FA9DB323A4DCAC /* Pods-PantryFi.debug.xcconfig */,
				E71E59CE2604B568A6F78096 /* Pods-PantryFi.release.xcconfig */,
			);
			name = Pods;
			sourceTree = "<group>";
		};
		6581A65EF92501419EF4399E /* Frameworks */ = {
			isa = PBXGroup;
			children = (
				75BE49D81EA19EC900BC9F4B /* SSASideMenu.swift */,
				C6D4CBD7C083366B912A0D05 /* Pods_PantryFi.framework */,
			);
			name = Frameworks;
			sourceTree = "<group>";
		};
/* End PBXGroup section */

/* Begin PBXNativeTarget section */
		2BC8DC4D1E78758C00A7A3AD /* PantryFi */ = {
			isa = PBXNativeTarget;
			buildConfigurationList = 2BC8DC631E78758C00A7A3AD /* Build configuration list for PBXNativeTarget "PantryFi" */;
			buildPhases = (
				FE7391AF4569356351BB9EA5 /* [CP] Check Pods Manifest.lock */,
				2BC8DC4A1E78758C00A7A3AD /* Sources */,
				2BC8DC4B1E78758C00A7A3AD /* Frameworks */,
				2BC8DC4C1E78758C00A7A3AD /* Resources */,
				35BE4528688E97A8CBE92E87 /* [CP] Embed Pods Frameworks */,
				8BD758A069C65396A3901895 /* [CP] Copy Pods Resources */,
			);
			buildRules = (
			);
			dependencies = (
			);
			name = PantryFi;
			productName = PantryFi;
			productReference = 2BC8DC4E1E78758C00A7A3AD /* PantryFi.app */;
			productType = "com.apple.product-type.application";
		};
/* End PBXNativeTarget section */

/* Begin PBXProject section */
		2BC8DC461E78758C00A7A3AD /* Project object */ = {
			isa = PBXProject;
			attributes = {
				LastSwiftUpdateCheck = 0820;
				LastUpgradeCheck = 0820;
				ORGANIZATIONNAME = "IOS Group 5";
				TargetAttributes = {
					2BC8DC4D1E78758C00A7A3AD = {
						CreatedOnToolsVersion = 8.2.1;
						DevelopmentTeam = M7NK5W38NR;
						ProvisioningStyle = Automatic;
					};
				};
			};
			buildConfigurationList = 2BC8DC491E78758C00A7A3AD /* Build configuration list for PBXProject "PantryFi" */;
			compatibilityVersion = "Xcode 3.2";
			developmentRegion = English;
			hasScannedForEncodings = 0;
			knownRegions = (
				en,
				Base,
			);
			mainGroup = 2BC8DC451E78758C00A7A3AD;
			productRefGroup = 2BC8DC4F1E78758C00A7A3AD /* Products */;
			projectDirPath = "";
			projectRoot = "";
			targets = (
				2BC8DC4D1E78758C00A7A3AD /* PantryFi */,
			);
		};
/* End PBXProject section */

/* Begin PBXResourcesBuildPhase section */
		2BC8DC4C1E78758C00A7A3AD /* Resources */ = {
			isa = PBXResourcesBuildPhase;
			buildActionMask = 2147483647;
			files = (
				2BC8DC5F1E78758C00A7A3AD /* LaunchScreen.storyboard in Resources */,
				2BC8DC5C1E78758C00A7A3AD /* Assets.xcassets in Resources */,
				75E65CDE1E9F684E003B9D87 /* GoogleService-Info.plist in Resources */,
				2BC8DC571E78758C00A7A3AD /* Main.storyboard in Resources */,
				152A246C1E7F2B1F00C42EAA /* Home.storyboard in Resources */,
			);
			runOnlyForDeploymentPostprocessing = 0;
		};
/* End PBXResourcesBuildPhase section */

/* Begin PBXShellScriptBuildPhase section */
		35BE4528688E97A8CBE92E87 /* [CP] Embed Pods Frameworks */ = {
			isa = PBXShellScriptBuildPhase;
			buildActionMask = 2147483647;
			files = (
			);
			inputPaths = (
			);
			name = "[CP] Embed Pods Frameworks";
			outputPaths = (
			);
			runOnlyForDeploymentPostprocessing = 0;
			shellPath = /bin/sh;
			shellScript = "\"${SRCROOT}/Pods/Target Support Files/Pods-PantryFi/Pods-PantryFi-frameworks.sh\"\n";
			showEnvVarsInLog = 0;
		};
		8BD758A069C65396A3901895 /* [CP] Copy Pods Resources */ = {
			isa = PBXShellScriptBuildPhase;
			buildActionMask = 2147483647;
			files = (
			);
			inputPaths = (
			);
			name = "[CP] Copy Pods Resources";
			outputPaths = (
			);
			runOnlyForDeploymentPostprocessing = 0;
			shellPath = /bin/sh;
			shellScript = "\"${SRCROOT}/Pods/Target Support Files/Pods-PantryFi/Pods-PantryFi-resources.sh\"\n";
			showEnvVarsInLog = 0;
		};
		FE7391AF4569356351BB9EA5 /* [CP] Check Pods Manifest.lock */ = {
			isa = PBXShellScriptBuildPhase;
			buildActionMask = 2147483647;
			files = (
			);
			inputPaths = (
			);
			name = "[CP] Check Pods Manifest.lock";
			outputPaths = (
			);
			runOnlyForDeploymentPostprocessing = 0;
			shellPath = /bin/sh;
			shellScript = "diff \"${PODS_ROOT}/../Podfile.lock\" \"${PODS_ROOT}/Manifest.lock\" > /dev/null\nif [[ $? != 0 ]] ; then\n    cat << EOM\nerror: The sandbox is not in sync with the Podfile.lock. Run 'pod install' or update your CocoaPods installation.\nEOM\n    exit 1\nfi\n";
			showEnvVarsInLog = 0;
		};
/* End PBXShellScriptBuildPhase section */

/* Begin PBXSourcesBuildPhase section */
		2BC8DC4A1E78758C00A7A3AD /* Sources */ = {
			isa = PBXSourcesBuildPhase;
			buildActionMask = 2147483647;
			files = (
				152A246E1E7F2BD300C42EAA /* HomeViewController.swift in Sources */,
				2B1AD5C21E84A4FB00FBEA48 /* Ingredient+CoreDataClass.swift in Sources */,
				1518B9781E85B4D30046868C /* TableViewController.swift in Sources */,
				1518B9741E85B3A70046868C /* PantrySearchViewController.swift in Sources */,
				2BC8DC5A1E78758C00A7A3AD /* PantryFi.xcdatamodeld in Sources */,
				2B1AD5CE1E85B9C100FBEA48 /* RecipeTableViewCell.swift in Sources */,
				75F0C9C71E830B35002E1458 /* IngredientTableViewCell.swift in Sources */,
				2B1AD5C31E84A4FB00FBEA48 /* Ingredient+CoreDataProperties.swift in Sources */,
				2B1AD5CA1E85AEF700FBEA48 /* RecipeViewController.swift in Sources */,
				2BC8DC541E78758C00A7A3AD /* ViewController.swift in Sources */,
				1518B9761E85B4100046868C /* RecipeResultTableViewCell.swift in Sources */,
				2BC8DC671E7890F700A7A3AD /* SignUpViewController.swift in Sources */,
				75F0C9C51E830B29002E1458 /* AddIngredientTableViewCell.swift in Sources */,
				75BE49DB1EA19F8E00BC9F4B /* RightMenuViewController.swift in Sources */,
				75BE49D91EA19EC900BC9F4B /* SSASideMenu.swift in Sources */,
				2BC8DC521E78758C00A7A3AD /* AppDelegate.swift in Sources */,
			);
			runOnlyForDeploymentPostprocessing = 0;
		};
/* End PBXSourcesBuildPhase section */

/* Begin PBXVariantGroup section */
		2BC8DC551E78758C00A7A3AD /* Main.storyboard */ = {
			isa = PBXVariantGroup;
			children = (
				2BC8DC561E78758C00A7A3AD /* Base */,
			);
			name = Main.storyboard;
			sourceTree = "<group>";
		};
		2BC8DC5D1E78758C00A7A3AD /* LaunchScreen.storyboard */ = {
			isa = PBXVariantGroup;
			children = (
				2BC8DC5E1E78758C00A7A3AD /* Base */,
			);
			name = LaunchScreen.storyboard;
			sourceTree = "<group>";
		};
/* End PBXVariantGroup section */

/* Begin XCBuildConfiguration section */
		2BC8DC611E78758C00A7A3AD /* Debug */ = {
			isa = XCBuildConfiguration;
			buildSettings = {
				ALWAYS_SEARCH_USER_PATHS = NO;
				CLANG_ANALYZER_NONNULL = YES;
				CLANG_CXX_LANGUAGE_STANDARD = "gnu++0x";
				CLANG_CXX_LIBRARY = "libc++";
				CLANG_ENABLE_MODULES = YES;
				CLANG_ENABLE_OBJC_ARC = YES;
				CLANG_WARN_BOOL_CONVERSION = YES;
				CLANG_WARN_CONSTANT_CONVERSION = YES;
				CLANG_WARN_DIRECT_OBJC_ISA_USAGE = YES_ERROR;
				CLANG_WARN_DOCUMENTATION_COMMENTS = YES;
				CLANG_WARN_EMPTY_BODY = YES;
				CLANG_WARN_ENUM_CONVERSION = YES;
				CLANG_WARN_INFINITE_RECURSION = YES;
				CLANG_WARN_INT_CONVERSION = YES;
				CLANG_WARN_OBJC_ROOT_CLASS = YES_ERROR;
				CLANG_WARN_SUSPICIOUS_MOVE = YES;
				CLANG_WARN_UNREACHABLE_CODE = YES;
				CLANG_WARN__DUPLICATE_METHOD_MATCH = YES;
				"CODE_SIGN_IDENTITY[sdk=iphoneos*]" = "iPhone Developer";
				COPY_PHASE_STRIP = NO;
				DEBUG_INFORMATION_FORMAT = dwarf;
				ENABLE_STRICT_OBJC_MSGSEND = YES;
				ENABLE_TESTABILITY = YES;
				GCC_C_LANGUAGE_STANDARD = gnu99;
				GCC_DYNAMIC_NO_PIC = NO;
				GCC_NO_COMMON_BLOCKS = YES;
				GCC_OPTIMIZATION_LEVEL = 0;
				GCC_PREPROCESSOR_DEFINITIONS = (
					"DEBUG=1",
					"$(inherited)",
				);
				GCC_WARN_64_TO_32_BIT_CONVERSION = YES;
				GCC_WARN_ABOUT_RETURN_TYPE = YES_ERROR;
				GCC_WARN_UNDECLARED_SELECTOR = YES;
				GCC_WARN_UNINITIALIZED_AUTOS = YES_AGGRESSIVE;
				GCC_WARN_UNUSED_FUNCTION = YES;
				GCC_WARN_UNUSED_VARIABLE = YES;
				IPHONEOS_DEPLOYMENT_TARGET = 10.2;
				MTL_ENABLE_DEBUG_INFO = YES;
				ONLY_ACTIVE_ARCH = YES;
				SDKROOT = iphoneos;
				SWIFT_ACTIVE_COMPILATION_CONDITIONS = DEBUG;
				SWIFT_OPTIMIZATION_LEVEL = "-Onone";
			};
			name = Debug;
		};
		2BC8DC621E78758C00A7A3AD /* Release */ = {
			isa = XCBuildConfiguration;
			buildSettings = {
				ALWAYS_SEARCH_USER_PATHS = NO;
				CLANG_ANALYZER_NONNULL = YES;
				CLANG_CXX_LANGUAGE_STANDARD = "gnu++0x";
				CLANG_CXX_LIBRARY = "libc++";
				CLANG_ENABLE_MODULES = YES;
				CLANG_ENABLE_OBJC_ARC = YES;
				CLANG_WARN_BOOL_CONVERSION = YES;
				CLANG_WARN_CONSTANT_CONVERSION = YES;
				CLANG_WARN_DIRECT_OBJC_ISA_USAGE = YES_ERROR;
				CLANG_WARN_DOCUMENTATION_COMMENTS = YES;
				CLANG_WARN_EMPTY_BODY = YES;
				CLANG_WARN_ENUM_CONVERSION = YES;
				CLANG_WARN_INFINITE_RECURSION = YES;
				CLANG_WARN_INT_CONVERSION = YES;
				CLANG_WARN_OBJC_ROOT_CLASS = YES_ERROR;
				CLANG_WARN_SUSPICIOUS_MOVE = YES;
				CLANG_WARN_UNREACHABLE_CODE = YES;
				CLANG_WARN__DUPLICATE_METHOD_MATCH = YES;
				"CODE_SIGN_IDENTITY[sdk=iphoneos*]" = "iPhone Developer";
				COPY_PHASE_STRIP = NO;
				DEBUG_INFORMATION_FORMAT = "dwarf-with-dsym";
				ENABLE_NS_ASSERTIONS = NO;
				ENABLE_STRICT_OBJC_MSGSEND = YES;
				GCC_C_LANGUAGE_STANDARD = gnu99;
				GCC_NO_COMMON_BLOCKS = YES;
				GCC_WARN_64_TO_32_BIT_CONVERSION = YES;
				GCC_WARN_ABOUT_RETURN_TYPE = YES_ERROR;
				GCC_WARN_UNDECLARED_SELECTOR = YES;
				GCC_WARN_UNINITIALIZED_AUTOS = YES_AGGRESSIVE;
				GCC_WARN_UNUSED_FUNCTION = YES;
				GCC_WARN_UNUSED_VARIABLE = YES;
				IPHONEOS_DEPLOYMENT_TARGET = 10.2;
				MTL_ENABLE_DEBUG_INFO = NO;
				SDKROOT = iphoneos;
				SWIFT_OPTIMIZATION_LEVEL = "-Owholemodule";
				VALIDATE_PRODUCT = YES;
			};
			name = Release;
		};
		2BC8DC641E78758C00A7A3AD /* Debug */ = {
			isa = XCBuildConfiguration;
			baseConfigurationReference = 0C903BC548FA9DB323A4DCAC /* Pods-PantryFi.debug.xcconfig */;
			buildSettings = {
				ASSETCATALOG_COMPILER_APPICON_NAME = AppIcon;
				DEVELOPMENT_TEAM = M7NK5W38NR;
				INFOPLIST_FILE = PantryFi/Info.plist;
				LD_RUNPATH_SEARCH_PATHS = "$(inherited) @executable_path/Frameworks";
				PRODUCT_BUNDLE_IDENTIFIER = com.PantryFi.ios;
				PRODUCT_NAME = "$(TARGET_NAME)";
				SWIFT_VERSION = 3.0;
			};
			name = Debug;
		};
		2BC8DC651E78758C00A7A3AD /* Release */ = {
			isa = XCBuildConfiguration;
			baseConfigurationReference = E71E59CE2604B568A6F78096 /* Pods-PantryFi.release.xcconfig */;
			buildSettings = {
				ASSETCATALOG_COMPILER_APPICON_NAME = AppIcon;
				DEVELOPMENT_TEAM = M7NK5W38NR;
				INFOPLIST_FILE = PantryFi/Info.plist;
				LD_RUNPATH_SEARCH_PATHS = "$(inherited) @executable_path/Frameworks";
				PRODUCT_BUNDLE_IDENTIFIER = com.PantryFi.ios;
				PRODUCT_NAME = "$(TARGET_NAME)";
				SWIFT_VERSION = 3.0;
			};
			name = Release;
		};
/* End XCBuildConfiguration section */

/* Begin XCConfigurationList section */
		2BC8DC491E78758C00A7A3AD /* Build configuration list for PBXProject "PantryFi" */ = {
			isa = XCConfigurationList;
			buildConfigurations = (
				2BC8DC611E78758C00A7A3AD /* Debug */,
				2BC8DC621E78758C00A7A3AD /* Release */,
			);
			defaultConfigurationIsVisible = 0;
			defaultConfigurationName = Release;
		};
		2BC8DC631E78758C00A7A3AD /* Build configuration list for PBXNativeTarget "PantryFi" */ = {
			isa = XCConfigurationList;
			buildConfigurations = (
				2BC8DC641E78758C00A7A3AD /* Debug */,
				2BC8DC651E78758C00A7A3AD /* Release */,
			);
			defaultConfigurationIsVisible = 0;
			defaultConfigurationName = Release;
		};
/* End XCConfigurationList section */

/* Begin XCVersionGroup section */
		2BC8DC581E78758C00A7A3AD /* PantryFi.xcdatamodeld */ = {
			isa = XCVersionGroup;
			children = (
				2BC8DC591E78758C00A7A3AD /* PantryFi.xcdatamodel */,
			);
			currentVersion = 2BC8DC591E78758C00A7A3AD /* PantryFi.xcdatamodel */;
			path = PantryFi.xcdatamodeld;
			sourceTree = "<group>";
			versionGroupType = wrapper.xcdatamodel;
		};
/* End XCVersionGroup section */
	};
	rootObject = 2BC8DC461E78758C00A7A3AD /* Project object */;
}
